
Microsoft Visual Studio Solution File, Format Version 12.00
# Visual Studio Version 17
VisualStudioVersion = 17.9.34728.123
MinimumVisualStudioVersion = 10.0.40219.1
Project("{FAE04EC0-301F-11D3-BF4B-00C04F79EFBC}") = "1016_distancia_Study", "1016_distancia_Study\1016_distancia_Study.csproj", "{C9D95666-9AEE-4A4D-8654-894D16FCD1FC}"
EndProject
Global
	GlobalSection(SolutionConfigurationPlatforms) = preSolution
		Debug|Any CPU = Debug|Any CPU
		Release|Any CPU = Release|Any CPU
	EndGlobalSection
	GlobalSection(ProjectConfigurationPlatforms) = postSolution
		{C9D95666-9AEE-4A4D-8654-894D16FCD1FC}.Debug|Any CPU.ActiveCfg = Debug|Any CPU
		{C9D95666-9AEE-4A4D-8654-894D16FCD1FC}.Debug|Any CPU.Build.0 = Debug|Any CPU
		{C9D95666-9AEE-4A4D-8654-894D16FCD1FC}.Release|Any CPU.ActiveCfg = Release|Any CPU
		{C9D95666-9AEE-4A4D-8654-894D16FCD1FC}.Release|Any CPU.Build.0 = Release|Any CPU
	EndGlobalSection
	GlobalSection(SolutionProperties) = preSolution
		HideSolutionNode = FALSE
	EndGlobalSection
	GlobalSection(ExtensibilityGlobals) = postSolution
		SolutionGuid = {619632DC-958B-4DB0-981F-F445FA0BBEC1}
	EndGlobalSection
EndGlobal
